// !$*UTF8*$!
{
	archiveVersion = 1;
	classes = {
	};
	objectVersion = 55;
	objects = {

/* Begin PBXBuildFile section */
		4D244A9F27CA179300B436FD /* GoogleService-Info.plist in Resources */ = {isa = PBXBuildFile; fileRef = 4D244A9E27CA179300B436FD /* GoogleService-Info.plist */; };
		4D244AA227CA17F600B436FD /* .swiftlint.yml in Resources */ = {isa = PBXBuildFile; fileRef = 4D244AA127CA17F600B436FD /* .swiftlint.yml */; };
		4D244AA527CA1A5E00B436FD /* MapView.swift in Sources */ = {isa = PBXBuildFile; fileRef = 4D244AA427CA1A5E00B436FD /* MapView.swift */; };
		4D244AA827CA1B0200B436FD /* LocationManager.swift in Sources */ = {isa = PBXBuildFile; fileRef = 4D244AA727CA1B0200B436FD /* LocationManager.swift */; };
		4D244AAB27CA1B5500B436FD /* MapViewModel.swift in Sources */ = {isa = PBXBuildFile; fileRef = 4D244AAA27CA1B5500B436FD /* MapViewModel.swift */; };
		4D244AAE27CA1B9D00B436FD /* Walk.swift in Sources */ = {isa = PBXBuildFile; fileRef = 4D244AAD27CA1B9D00B436FD /* Walk.swift */; };
		4D30CD7327EE7BBC00726D3E /* Double+extension.swift in Sources */ = {isa = PBXBuildFile; fileRef = 4D30CD7227EE7BBC00726D3E /* Double+extension.swift */; };
		4D48E1A827C1860800F15D7E /* AppDelegate.swift in Sources */ = {isa = PBXBuildFile; fileRef = 4D48E1A727C1860800F15D7E /* AppDelegate.swift */; };
		4D48E1AA27C1860800F15D7E /* SceneDelegate.swift in Sources */ = {isa = PBXBuildFile; fileRef = 4D48E1A927C1860800F15D7E /* SceneDelegate.swift */; };
		4D48E1B127C1860900F15D7E /* Assets.xcassets in Resources */ = {isa = PBXBuildFile; fileRef = 4D48E1B027C1860900F15D7E /* Assets.xcassets */; };
		4D48E1B427C1860900F15D7E /* LaunchScreen.storyboard in Resources */ = {isa = PBXBuildFile; fileRef = 4D48E1B227C1860900F15D7E /* LaunchScreen.storyboard */; };
		4D48E1BC27C1868400F15D7E /* ContentView.swift in Sources */ = {isa = PBXBuildFile; fileRef = 4D48E1BB27C1868400F15D7E /* ContentView.swift */; };
		4DCBB89127EDA2FB0010364D /* CustomInfoWindowView.swift in Sources */ = {isa = PBXBuildFile; fileRef = 4DCBB89027EDA2FB0010364D /* CustomInfoWindowView.swift */; };
		4DD1134227CC26FD00D9442E /* FireStoreManager.swift in Sources */ = {isa = PBXBuildFile; fileRef = 4DD1134127CC26FD00D9442E /* FireStoreManager.swift */; };
		4DD1134527CC272200D9442E /* FireStoreError.swift in Sources */ = {isa = PBXBuildFile; fileRef = 4DD1134427CC272200D9442E /* FireStoreError.swift */; };
		4DD1134827CC38EF00D9442E /* WalkRepository.swift in Sources */ = {isa = PBXBuildFile; fileRef = 4DD1134727CC38EF00D9442E /* WalkRepository.swift */; };
		4DE8021927CF072F00AD1E3C /* ListViewModel.swift in Sources */ = {isa = PBXBuildFile; fileRef = 4DE8021827CF072F00AD1E3C /* ListViewModel.swift */; };
		4DE8021B27CF12AD00AD1E3C /* WalkListView.swift in Sources */ = {isa = PBXBuildFile; fileRef = 4DE8021A27CF12AD00AD1E3C /* WalkListView.swift */; };
		4DE8021D27D0B6B100AD1E3C /* MarkerViewModel.swift in Sources */ = {isa = PBXBuildFile; fileRef = 4DE8021C27D0B6B100AD1E3C /* MarkerViewModel.swift */; };
		81DF396315407B9C86ADF147 /* Pods_WalkWithHaesook.framework in Frameworks */ = {isa = PBXBuildFile; fileRef = 6944F654F048805D5A841EC2 /* Pods_WalkWithHaesook.framework */; };
/* End PBXBuildFile section */

/* Begin PBXFileReference section */
		0D8D3EBB204C16E686BEBA5A /* Pods-WalkWithHaesook.debug.xcconfig */ = {isa = PBXFileReference; includeInIndex = 1; lastKnownFileType = text.xcconfig; name = "Pods-WalkWithHaesook.debug.xcconfig"; path = "Target Support Files/Pods-WalkWithHaesook/Pods-WalkWithHaesook.debug.xcconfig"; sourceTree = "<group>"; };
		198B199383E3B66BC0E29B90 /* Pods-WalkWithHaesook.release.xcconfig */ = {isa = PBXFileReference; includeInIndex = 1; lastKnownFileType = text.xcconfig; name = "Pods-WalkWithHaesook.release.xcconfig"; path = "Target Support Files/Pods-WalkWithHaesook/Pods-WalkWithHaesook.release.xcconfig"; sourceTree = "<group>"; };
		4D244A9E27CA179300B436FD /* GoogleService-Info.plist */ = {isa = PBXFileReference; fileEncoding = 4; lastKnownFileType = text.plist.xml; name = "GoogleService-Info.plist"; path = "../../../../Downloads/GoogleService-Info.plist"; sourceTree = "<group>"; };
		4D244AA127CA17F600B436FD /* .swiftlint.yml */ = {isa = PBXFileReference; lastKnownFileType = text.yaml; path = .swiftlint.yml; sourceTree = "<group>"; };
		4D244AA427CA1A5E00B436FD /* MapView.swift */ = {isa = PBXFileReference; lastKnownFileType = sourcecode.swift; path = MapView.swift; sourceTree = "<group>"; };
		4D244AA727CA1B0200B436FD /* LocationManager.swift */ = {isa = PBXFileReference; lastKnownFileType = sourcecode.swift; path = LocationManager.swift; sourceTree = "<group>"; };
		4D244AAA27CA1B5500B436FD /* MapViewModel.swift */ = {isa = PBXFileReference; lastKnownFileType = sourcecode.swift; path = MapViewModel.swift; sourceTree = "<group>"; };
		4D244AAD27CA1B9D00B436FD /* Walk.swift */ = {isa = PBXFileReference; lastKnownFileType = sourcecode.swift; path = Walk.swift; sourceTree = "<group>"; };
		4D30CD7227EE7BBC00726D3E /* Double+extension.swift */ = {isa = PBXFileReference; lastKnownFileType = sourcecode.swift; path = "Double+extension.swift"; sourceTree = "<group>"; };
		4D48E1A427C1860800F15D7E /* WalkWithHaesook.app */ = {isa = PBXFileReference; explicitFileType = wrapper.application; includeInIndex = 0; path = WalkWithHaesook.app; sourceTree = BUILT_PRODUCTS_DIR; };
		4D48E1A727C1860800F15D7E /* AppDelegate.swift */ = {isa = PBXFileReference; lastKnownFileType = sourcecode.swift; path = AppDelegate.swift; sourceTree = "<group>"; };
		4D48E1A927C1860800F15D7E /* SceneDelegate.swift */ = {isa = PBXFileReference; lastKnownFileType = sourcecode.swift; path = SceneDelegate.swift; sourceTree = "<group>"; };
		4D48E1B027C1860900F15D7E /* Assets.xcassets */ = {isa = PBXFileReference; lastKnownFileType = folder.assetcatalog; path = Assets.xcassets; sourceTree = "<group>"; };
		4D48E1B327C1860900F15D7E /* Base */ = {isa = PBXFileReference; lastKnownFileType = file.storyboard; name = Base; path = Base.lproj/LaunchScreen.storyboard; sourceTree = "<group>"; };
		4D48E1B527C1860900F15D7E /* Info.plist */ = {isa = PBXFileReference; lastKnownFileType = text.plist.xml; path = Info.plist; sourceTree = "<group>"; };
		4D48E1BB27C1868400F15D7E /* ContentView.swift */ = {isa = PBXFileReference; lastKnownFileType = sourcecode.swift; path = ContentView.swift; sourceTree = "<group>"; };
		4DCBB89027EDA2FB0010364D /* CustomInfoWindowView.swift */ = {isa = PBXFileReference; lastKnownFileType = sourcecode.swift; path = CustomInfoWindowView.swift; sourceTree = "<group>"; };
		4DD1134127CC26FD00D9442E /* FireStoreManager.swift */ = {isa = PBXFileReference; lastKnownFileType = sourcecode.swift; path = FireStoreManager.swift; sourceTree = "<group>"; };
		4DD1134427CC272200D9442E /* FireStoreError.swift */ = {isa = PBXFileReference; lastKnownFileType = sourcecode.swift; path = FireStoreError.swift; sourceTree = "<group>"; };
		4DD1134727CC38EF00D9442E /* WalkRepository.swift */ = {isa = PBXFileReference; lastKnownFileType = sourcecode.swift; path = WalkRepository.swift; sourceTree = "<group>"; };
		4DE8021827CF072F00AD1E3C /* ListViewModel.swift */ = {isa = PBXFileReference; lastKnownFileType = sourcecode.swift; path = ListViewModel.swift; sourceTree = "<group>"; };
		4DE8021A27CF12AD00AD1E3C /* WalkListView.swift */ = {isa = PBXFileReference; lastKnownFileType = sourcecode.swift; path = WalkListView.swift; sourceTree = "<group>"; };
		4DE8021C27D0B6B100AD1E3C /* MarkerViewModel.swift */ = {isa = PBXFileReference; lastKnownFileType = sourcecode.swift; path = MarkerViewModel.swift; sourceTree = "<group>"; };
		6944F654F048805D5A841EC2 /* Pods_WalkWithHaesook.framework */ = {isa = PBXFileReference; explicitFileType = wrapper.framework; includeInIndex = 0; path = Pods_WalkWithHaesook.framework; sourceTree = BUILT_PRODUCTS_DIR; };
/* End PBXFileReference section */

/* Begin PBXFrameworksBuildPhase section */
		4D48E1A127C1860800F15D7E /* Frameworks */ = {
			isa = PBXFrameworksBuildPhase;
			buildActionMask = 2147483647;
			files = (
				81DF396315407B9C86ADF147 /* Pods_WalkWithHaesook.framework in Frameworks */,
			);
			runOnlyForDeploymentPostprocessing = 0;
		};
/* End PBXFrameworksBuildPhase section */

/* Begin PBXGroup section */
		221D99720445AB49BD5653B1 /* Frameworks */ = {
			isa = PBXGroup;
			children = (
				6944F654F048805D5A841EC2 /* Pods_WalkWithHaesook.framework */,
			);
			name = Frameworks;
			sourceTree = "<group>";
		};
		4D244AA327CA1A4E00B436FD /* View */ = {
			isa = PBXGroup;
			children = (
				4D48E1BB27C1868400F15D7E /* ContentView.swift */,
				4D244AA427CA1A5E00B436FD /* MapView.swift */,
				4DCBB89027EDA2FB0010364D /* CustomInfoWindowView.swift */,
				4DE8021A27CF12AD00AD1E3C /* WalkListView.swift */,
			);
			path = View;
			sourceTree = "<group>";
		};
		4D244AA627CA1ACB00B436FD /* Manager */ = {
			isa = PBXGroup;
			children = (
				4D244AA727CA1B0200B436FD /* LocationManager.swift */,
				4DD1134127CC26FD00D9442E /* FireStoreManager.swift */,
			);
			path = Manager;
			sourceTree = "<group>";
		};
		4D244AA927CA1B4600B436FD /* ViewModel */ = {
			isa = PBXGroup;
			children = (
				4D244AAA27CA1B5500B436FD /* MapViewModel.swift */,
			);
			path = ViewModel;
			sourceTree = "<group>";
		};
		4D244AAC27CA1B8A00B436FD /* Model */ = {
			isa = PBXGroup;
			children = (
				4D244AAD27CA1B9D00B436FD /* Walk.swift */,
				4DE8021827CF072F00AD1E3C /* ListViewModel.swift */,
				4DE8021C27D0B6B100AD1E3C /* MarkerViewModel.swift */,
			);
			path = Model;
			sourceTree = "<group>";
		};
		4D30CD7127EE7B8300726D3E /* Extension */ = {
			isa = PBXGroup;
			children = (
				4D30CD7227EE7BBC00726D3E /* Double+extension.swift */,
			);
			path = Extension;
			sourceTree = "<group>";
		};
		4D48E19B27C1860800F15D7E = {
			isa = PBXGroup;
			children = (
				4D244AA127CA17F600B436FD /* .swiftlint.yml */,
				4D48E1A627C1860800F15D7E /* WalkWithHaesook */,
				4D48E1A527C1860800F15D7E /* Products */,
				CD6BC5F3DB3EEAED766ACA91 /* Pods */,
				221D99720445AB49BD5653B1 /* Frameworks */,
			);
			sourceTree = "<group>";
		};
		4D48E1A527C1860800F15D7E /* Products */ = {
			isa = PBXGroup;
			children = (
				4D48E1A427C1860800F15D7E /* WalkWithHaesook.app */,
			);
			name = Products;
			sourceTree = "<group>";
		};
		4D48E1A627C1860800F15D7E /* WalkWithHaesook */ = {
			isa = PBXGroup;
			children = (
				4DD1134627CC38DD00D9442E /* Repository */,
				4D244AAC27CA1B8A00B436FD /* Model */,
				4D244AA927CA1B4600B436FD /* ViewModel */,
				4D244AA627CA1ACB00B436FD /* Manager */,
				4D244AA327CA1A4E00B436FD /* View */,
				4D30CD7127EE7B8300726D3E /* Extension */,
				4DD1134327CC271500D9442E /* Error */,
				4D48E1A727C1860800F15D7E /* AppDelegate.swift */,
				4D48E1A927C1860800F15D7E /* SceneDelegate.swift */,
				4D48E1B027C1860900F15D7E /* Assets.xcassets */,
				4D48E1B227C1860900F15D7E /* LaunchScreen.storyboard */,
				4D48E1B527C1860900F15D7E /* Info.plist */,
				4D244A9E27CA179300B436FD /* GoogleService-Info.plist */,
			);
			path = WalkWithHaesook;
			sourceTree = "<group>";
		};
		4DD1134327CC271500D9442E /* Error */ = {
			isa = PBXGroup;
			children = (
				4DD1134427CC272200D9442E /* FireStoreError.swift */,
			);
			path = Error;
			sourceTree = "<group>";
		};
		4DD1134627CC38DD00D9442E /* Repository */ = {
			isa = PBXGroup;
			children = (
				4DD1134727CC38EF00D9442E /* WalkRepository.swift */,
			);
			path = Repository;
			sourceTree = "<group>";
		};
		CD6BC5F3DB3EEAED766ACA91 /* Pods */ = {
			isa = PBXGroup;
			children = (
				0D8D3EBB204C16E686BEBA5A /* Pods-WalkWithHaesook.debug.xcconfig */,
				198B199383E3B66BC0E29B90 /* Pods-WalkWithHaesook.release.xcconfig */,
			);
			path = Pods;
			sourceTree = "<group>";
		};
/* End PBXGroup section */

/* Begin PBXNativeTarget section */
		4D48E1A327C1860800F15D7E /* WalkWithHaesook */ = {
			isa = PBXNativeTarget;
			buildConfigurationList = 4D48E1B827C1860900F15D7E /* Build configuration list for PBXNativeTarget "WalkWithHaesook" */;
			buildPhases = (
				D2F1E7CEAD9E8085672A4CD4 /* [CP] Check Pods Manifest.lock */,
				4D48E1A027C1860800F15D7E /* Sources */,
				4D48E1A127C1860800F15D7E /* Frameworks */,
				4D48E1A227C1860800F15D7E /* Resources */,
				4D244AA027CA17BA00B436FD /* ShellScript */,
				14919187D4C07DAE80293A67 /* [CP] Embed Pods Frameworks */,
			);
			buildRules = (
			);
			dependencies = (
			);
			name = WalkWithHaesook;
			productName = WalkWithHaesook;
			productReference = 4D48E1A427C1860800F15D7E /* WalkWithHaesook.app */;
			productType = "com.apple.product-type.application";
		};
/* End PBXNativeTarget section */

/* Begin PBXProject section */
		4D48E19C27C1860800F15D7E /* Project object */ = {
			isa = PBXProject;
			attributes = {
				BuildIndependentTargetsInParallel = 1;
				LastSwiftUpdateCheck = 1310;
				LastUpgradeCheck = 1310;
				TargetAttributes = {
					4D48E1A327C1860800F15D7E = {
						CreatedOnToolsVersion = 13.1;
					};
				};
			};
			buildConfigurationList = 4D48E19F27C1860800F15D7E /* Build configuration list for PBXProject "WalkWithHaesook" */;
			compatibilityVersion = "Xcode 13.0";
			developmentRegion = en;
			hasScannedForEncodings = 0;
			knownRegions = (
				en,
				Base,
			);
			mainGroup = 4D48E19B27C1860800F15D7E;
			productRefGroup = 4D48E1A527C1860800F15D7E /* Products */;
			projectDirPath = "";
			projectRoot = "";
			targets = (
				4D48E1A327C1860800F15D7E /* WalkWithHaesook */,
			);
		};
/* End PBXProject section */

/* Begin PBXResourcesBuildPhase section */
		4D48E1A227C1860800F15D7E /* Resources */ = {
			isa = PBXResourcesBuildPhase;
			buildActionMask = 2147483647;
			files = (
				4D244AA227CA17F600B436FD /* .swiftlint.yml in Resources */,
				4D48E1B427C1860900F15D7E /* LaunchScreen.storyboard in Resources */,
				4D48E1B127C1860900F15D7E /* Assets.xcassets in Resources */,
				4D244A9F27CA179300B436FD /* GoogleService-Info.plist in Resources */,
			);
			runOnlyForDeploymentPostprocessing = 0;
		};
/* End PBXResourcesBuildPhase section */

/* Begin PBXShellScriptBuildPhase section */
		14919187D4C07DAE80293A67 /* [CP] Embed Pods Frameworks */ = {
			isa = PBXShellScriptBuildPhase;
			buildActionMask = 2147483647;
			files = (
			);
			inputFileListPaths = (
				"${PODS_ROOT}/Target Support Files/Pods-WalkWithHaesook/Pods-WalkWithHaesook-frameworks-${CONFIGURATION}-input-files.xcfilelist",
			);
			name = "[CP] Embed Pods Frameworks";
			outputFileListPaths = (
				"${PODS_ROOT}/Target Support Files/Pods-WalkWithHaesook/Pods-WalkWithHaesook-frameworks-${CONFIGURATION}-output-files.xcfilelist",
			);
			runOnlyForDeploymentPostprocessing = 0;
			shellPath = /bin/sh;
			shellScript = "\"${PODS_ROOT}/Target Support Files/Pods-WalkWithHaesook/Pods-WalkWithHaesook-frameworks.sh\"\n";
			showEnvVarsInLog = 0;
		};
		4D244AA027CA17BA00B436FD /* ShellScript */ = {
			isa = PBXShellScriptBuildPhase;
			buildActionMask = 2147483647;
			files = (
			);
			inputFileListPaths = (
			);
			inputPaths = (
			);
			outputFileListPaths = (
			);
			outputPaths = (
			);
			runOnlyForDeploymentPostprocessing = 0;
			shellPath = /bin/sh;
			shellScript = "${PODS_ROOT}/SwiftLint/swiftlint\n";
		};
		D2F1E7CEAD9E8085672A4CD4 /* [CP] Check Pods Manifest.lock */ = {
			isa = PBXShellScriptBuildPhase;
			buildActionMask = 2147483647;
			files = (
			);
			inputFileListPaths = (
			);
			inputPaths = (
				"${PODS_PODFILE_DIR_PATH}/Podfile.lock",
				"${PODS_ROOT}/Manifest.lock",
			);
			name = "[CP] Check Pods Manifest.lock";
			outputFileListPaths = (
			);
			outputPaths = (
				"$(DERIVED_FILE_DIR)/Pods-WalkWithHaesook-checkManifestLockResult.txt",
			);
			runOnlyForDeploymentPostprocessing = 0;
			shellPath = /bin/sh;
			shellScript = "diff \"${PODS_PODFILE_DIR_PATH}/Podfile.lock\" \"${PODS_ROOT}/Manifest.lock\" > /dev/null\nif [ $? != 0 ] ; then\n    # print error to STDERR\n    echo \"error: The sandbox is not in sync with the Podfile.lock. Run 'pod install' or update your CocoaPods installation.\" >&2\n    exit 1\nfi\n# This output is used by Xcode 'outputs' to avoid re-running this script phase.\necho \"SUCCESS\" > \"${SCRIPT_OUTPUT_FILE_0}\"\n";
			showEnvVarsInLog = 0;
		};
/* End PBXShellScriptBuildPhase section */

/* Begin PBXSourcesBuildPhase section */
		4D48E1A027C1860800F15D7E /* Sources */ = {
			isa = PBXSourcesBuildPhase;
			buildActionMask = 2147483647;
			files = (
				4D48E1A827C1860800F15D7E /* AppDelegate.swift in Sources */,
				4D244AAE27CA1B9D00B436FD /* Walk.swift in Sources */,
				4DD1134827CC38EF00D9442E /* WalkRepository.swift in Sources */,
				4D244AA527CA1A5E00B436FD /* MapView.swift in Sources */,
				4DCBB89127EDA2FB0010364D /* CustomInfoWindowView.swift in Sources */,
				4D244AA827CA1B0200B436FD /* LocationManager.swift in Sources */,
				4D30CD7327EE7BBC00726D3E /* Double+extension.swift in Sources */,
				4DE8021B27CF12AD00AD1E3C /* WalkListView.swift in Sources */,
				4DE8021D27D0B6B100AD1E3C /* MarkerViewModel.swift in Sources */,
				4D48E1AA27C1860800F15D7E /* SceneDelegate.swift in Sources */,
				4D48E1BC27C1868400F15D7E /* ContentView.swift in Sources */,
				4D244AAB27CA1B5500B436FD /* MapViewModel.swift in Sources */,
				4DE8021927CF072F00AD1E3C /* ListViewModel.swift in Sources */,
				4DD1134227CC26FD00D9442E /* FireStoreManager.swift in Sources */,
				4DD1134527CC272200D9442E /* FireStoreError.swift in Sources */,
			);
			runOnlyForDeploymentPostprocessing = 0;
		};
/* End PBXSourcesBuildPhase section */

/* Begin PBXVariantGroup section */
		4D48E1B227C1860900F15D7E /* LaunchScreen.storyboard */ = {
			isa = PBXVariantGroup;
			children = (
				4D48E1B327C1860900F15D7E /* Base */,
			);
			name = LaunchScreen.storyboard;
			sourceTree = "<group>";
		};
/* End PBXVariantGroup section */

/* Begin XCBuildConfiguration section */
		4D48E1B627C1860900F15D7E /* Debug */ = {
			isa = XCBuildConfiguration;
			buildSettings = {
				ALWAYS_SEARCH_USER_PATHS = NO;
				CLANG_ANALYZER_NONNULL = YES;
				CLANG_ANALYZER_NUMBER_OBJECT_CONVERSION = YES_AGGRESSIVE;
				CLANG_CXX_LANGUAGE_STANDARD = "gnu++17";
				CLANG_CXX_LIBRARY = "libc++";
				CLANG_ENABLE_MODULES = YES;
				CLANG_ENABLE_OBJC_ARC = YES;
				CLANG_ENABLE_OBJC_WEAK = YES;
				CLANG_WARN_BLOCK_CAPTURE_AUTORELEASING = YES;
				CLANG_WARN_BOOL_CONVERSION = YES;
				CLANG_WARN_COMMA = YES;
				CLANG_WARN_CONSTANT_CONVERSION = YES;
				CLANG_WARN_DEPRECATED_OBJC_IMPLEMENTATIONS = YES;
				CLANG_WARN_DIRECT_OBJC_ISA_USAGE = YES_ERROR;
				CLANG_WARN_DOCUMENTATION_COMMENTS = YES;
				CLANG_WARN_EMPTY_BODY = YES;
				CLANG_WARN_ENUM_CONVERSION = YES;
				CLANG_WARN_INFINITE_RECURSION = YES;
				CLANG_WARN_INT_CONVERSION = YES;
				CLANG_WARN_NON_LITERAL_NULL_CONVERSION = YES;
				CLANG_WARN_OBJC_IMPLICIT_RETAIN_SELF = YES;
				CLANG_WARN_OBJC_LITERAL_CONVERSION = YES;
				CLANG_WARN_OBJC_ROOT_CLASS = YES_ERROR;
				CLANG_WARN_QUOTED_INCLUDE_IN_FRAMEWORK_HEADER = YES;
				CLANG_WARN_RANGE_LOOP_ANALYSIS = YES;
				CLANG_WARN_STRICT_PROTOTYPES = YES;
				CLANG_WARN_SUSPICIOUS_MOVE = YES;
				CLANG_WARN_UNGUARDED_AVAILABILITY = YES_AGGRESSIVE;
				CLANG_WARN_UNREACHABLE_CODE = YES;
				CLANG_WARN__DUPLICATE_METHOD_MATCH = YES;
				COPY_PHASE_STRIP = NO;
				DEBUG_INFORMATION_FORMAT = dwarf;
				ENABLE_STRICT_OBJC_MSGSEND = YES;
				ENABLE_TESTABILITY = YES;
				"EXCLUDED_ARCHS[sdk=iphonesimulator*]" = arm64;
				GCC_C_LANGUAGE_STANDARD = gnu11;
				GCC_DYNAMIC_NO_PIC = NO;
				GCC_NO_COMMON_BLOCKS = YES;
				GCC_OPTIMIZATION_LEVEL = 0;
				GCC_PREPROCESSOR_DEFINITIONS = (
					"DEBUG=1",
					"$(inherited)",
				);
				GCC_WARN_64_TO_32_BIT_CONVERSION = YES;
				GCC_WARN_ABOUT_RETURN_TYPE = YES_ERROR;
				GCC_WARN_UNDECLARED_SELECTOR = YES;
				GCC_WARN_UNINITIALIZED_AUTOS = YES_AGGRESSIVE;
				GCC_WARN_UNUSED_FUNCTION = YES;
				GCC_WARN_UNUSED_VARIABLE = YES;
				IPHONEOS_DEPLOYMENT_TARGET = 14.0;
				MTL_ENABLE_DEBUG_INFO = INCLUDE_SOURCE;
				MTL_FAST_MATH = YES;
				ONLY_ACTIVE_ARCH = YES;
				SDKROOT = iphoneos;
				SWIFT_ACTIVE_COMPILATION_CONDITIONS = DEBUG;
				SWIFT_OPTIMIZATION_LEVEL = "-Onone";
			};
			name = Debug;
		};
		4D48E1B727C1860900F15D7E /* Release */ = {
			isa = XCBuildConfiguration;
			buildSettings = {
				ALWAYS_SEARCH_USER_PATHS = NO;
				CLANG_ANALYZER_NONNULL = YES;
				CLANG_ANALYZER_NUMBER_OBJECT_CONVERSION = YES_AGGRESSIVE;
				CLANG_CXX_LANGUAGE_STANDARD = "gnu++17";
				CLANG_CXX_LIBRARY = "libc++";
				CLANG_ENABLE_MODULES = YES;
				CLANG_ENABLE_OBJC_ARC = YES;
				CLANG_ENABLE_OBJC_WEAK = YES;
				CLANG_WARN_BLOCK_CAPTURE_AUTORELEASING = YES;
				CLANG_WARN_BOOL_CONVERSION = YES;
				CLANG_WARN_COMMA = YES;
				CLANG_WARN_CONSTANT_CONVERSION = YES;
				CLANG_WARN_DEPRECATED_OBJC_IMPLEMENTATIONS = YES;
				CLANG_WARN_DIRECT_OBJC_ISA_USAGE = YES_ERROR;
				CLANG_WARN_DOCUMENTATION_COMMENTS = YES;
				CLANG_WARN_EMPTY_BODY = YES;
				CLANG_WARN_ENUM_CONVERSION = YES;
				CLANG_WARN_INFINITE_RECURSION = YES;
				CLANG_WARN_INT_CONVERSION = YES;
				CLANG_WARN_NON_LITERAL_NULL_CONVERSION = YES;
				CLANG_WARN_OBJC_IMPLICIT_RETAIN_SELF = YES;
				CLANG_WARN_OBJC_LITERAL_CONVERSION = YES;
				CLANG_WARN_OBJC_ROOT_CLASS = YES_ERROR;
				CLANG_WARN_QUOTED_INCLUDE_IN_FRAMEWORK_HEADER = YES;
				CLANG_WARN_RANGE_LOOP_ANALYSIS = YES;
				CLANG_WARN_STRICT_PROTOTYPES = YES;
				CLANG_WARN_SUSPICIOUS_MOVE = YES;
				CLANG_WARN_UNGUARDED_AVAILABILITY = YES_AGGRESSIVE;
				CLANG_WARN_UNREACHABLE_CODE = YES;
				CLANG_WARN__DUPLICATE_METHOD_MATCH = YES;
				COPY_PHASE_STRIP = NO;
				DEBUG_INFORMATION_FORMAT = "dwarf-with-dsym";
				ENABLE_NS_ASSERTIONS = NO;
				ENABLE_STRICT_OBJC_MSGSEND = YES;
				"EXCLUDED_ARCHS[sdk=iphonesimulator*]" = arm64;
				GCC_C_LANGUAGE_STANDARD = gnu11;
				GCC_NO_COMMON_BLOCKS = YES;
				GCC_WARN_64_TO_32_BIT_CONVERSION = YES;
				GCC_WARN_ABOUT_RETURN_TYPE = YES_ERROR;
				GCC_WARN_UNDECLARED_SELECTOR = YES;
				GCC_WARN_UNINITIALIZED_AUTOS = YES_AGGRESSIVE;
				GCC_WARN_UNUSED_FUNCTION = YES;
				GCC_WARN_UNUSED_VARIABLE = YES;
				IPHONEOS_DEPLOYMENT_TARGET = 14.0;
				MTL_ENABLE_DEBUG_INFO = NO;
				MTL_FAST_MATH = YES;
				SDKROOT = iphoneos;
				SWIFT_COMPILATION_MODE = wholemodule;
				SWIFT_OPTIMIZATION_LEVEL = "-O";
				VALIDATE_PRODUCT = YES;
			};
			name = Release;
		};
		4D48E1B927C1860900F15D7E /* Debug */ = {
			isa = XCBuildConfiguration;
			baseConfigurationReference = 0D8D3EBB204C16E686BEBA5A /* Pods-WalkWithHaesook.debug.xcconfig */;
			buildSettings = {
				ASSETCATALOG_COMPILER_APPICON_NAME = AppIcon;
				ASSETCATALOG_COMPILER_GLOBAL_ACCENT_COLOR_NAME = AccentColor;
				CODE_SIGN_STYLE = Automatic;
				CURRENT_PROJECT_VERSION = 1;
				DEVELOPMENT_TEAM = 626VJ36K6Q;
				GCC_NO_COMMON_BLOCKS = NO;
				GENERATE_INFOPLIST_FILE = YES;
				INFOPLIST_FILE = WalkWithHaesook/Info.plist;
				INFOPLIST_KEY_UIApplicationSupportsIndirectInputEvents = YES;
				INFOPLIST_KEY_UILaunchStoryboardName = LaunchScreen;
				INFOPLIST_KEY_UISupportedInterfaceOrientations_iPad = "UIInterfaceOrientationPortrait UIInterfaceOrientationPortraitUpsideDown UIInterfaceOrientationLandscapeLeft UIInterfaceOrientationLandscapeRight";
				INFOPLIST_KEY_UISupportedInterfaceOrientations_iPhone = "UIInterfaceOrientationPortrait UIInterfaceOrientationLandscapeLeft UIInterfaceOrientationLandscapeRight";
				LD_RUNPATH_SEARCH_PATHS = (
					"$(inherited)",
					"@executable_path/Frameworks",
				);
				MARKETING_VERSION = 1.0;
				PRODUCT_BUNDLE_IDENTIFIER = "com.example.apple-samplecode.WalkWithHaesook";
				PRODUCT_NAME = "$(TARGET_NAME)";
				SWIFT_EMIT_LOC_STRINGS = YES;
				SWIFT_VERSION = 5.0;
				TARGETED_DEVICE_FAMILY = "1,2";
			};
			name = Debug;
		};
		4D48E1BA27C1860900F15D7E /* Release */ = {
			isa = XCBuildConfiguration;
			baseConfigurationReference = 198B199383E3B66BC0E29B90 /* Pods-WalkWithHaesook.release.xcconfig */;
			buildSettings = {
				ASSETCATALOG_COMPILER_APPICON_NAME = AppIcon;
				ASSETCATALOG_COMPILER_GLOBAL_ACCENT_COLOR_NAME = AccentColor;
				CODE_SIGN_STYLE = Automatic;
				CURRENT_PROJECT_VERSION = 1;
				DEVELOPMENT_TEAM = 626VJ36K6Q;
				GCC_NO_COMMON_BLOCKS = NO;
				GENERATE_INFOPLIST_FILE = YES;
				INFOPLIST_FILE = WalkWithHaesook/Info.plist;
				INFOPLIST_KEY_UIApplicationSupportsIndirectInputEvents = YES;
				INFOPLIST_KEY_UILaunchStoryboardName = LaunchScreen;
				INFOPLIST_KEY_UISupportedInterfaceOrientations_iPad = "UIInterfaceOrientationPortrait UIInterfaceOrientationPortraitUpsideDown UIInterfaceOrientationLandscapeLeft UIInterfaceOrientationLandscapeRight";
				INFOPLIST_KEY_UISupportedInterfaceOrientations_iPhone = "UIInterfaceOrientationPortrait UIInterfaceOrientationLandscapeLeft UIInterfaceOrientationLandscapeRight";
				LD_RUNPATH_SEARCH_PATHS = (
					"$(inherited)",
					"@executable_path/Frameworks",
				);
				MARKETING_VERSION = 1.0;
				PRODUCT_BUNDLE_IDENTIFIER = "com.example.apple-samplecode.WalkWithHaesook";
				PRODUCT_NAME = "$(TARGET_NAME)";
				SWIFT_EMIT_LOC_STRINGS = YES;
				SWIFT_VERSION = 5.0;
				TARGETED_DEVICE_FAMILY = "1,2";
			};
			name = Release;
		};
/* End XCBuildConfiguration section */

/* Begin XCConfigurationList section */
		4D48E19F27C1860800F15D7E /* Build configuration list for PBXProject "WalkWithHaesook" */ = {
			isa = XCConfigurationList;
			buildConfigurations = (
				4D48E1B627C1860900F15D7E /* Debug */,
				4D48E1B727C1860900F15D7E /* Release */,
			);
			defaultConfigurationIsVisible = 0;
			defaultConfigurationName = Release;
		};
		4D48E1B827C1860900F15D7E /* Build configuration list for PBXNativeTarget "WalkWithHaesook" */ = {
			isa = XCConfigurationList;
			buildConfigurations = (
				4D48E1B927C1860900F15D7E /* Debug */,
				4D48E1BA27C1860900F15D7E /* Release */,
			);
			defaultConfigurationIsVisible = 0;
			defaultConfigurationName = Release;
		};
/* End XCConfigurationList section */
	};
	rootObject = 4D48E19C27C1860800F15D7E /* Project object */;
}
